// !$*UTF8*$!
{
	archiveVersion = 1;
	classes = {
	};
	objectVersion = 55;
	objects = {

/* Begin PBXBuildFile section */
		04125C7C276875B000446D90 /* AppDelegate.swift in Sources */ = {isa = PBXBuildFile; fileRef = 04125C7B276875B000446D90 /* AppDelegate.swift */; };
		04125C7E276875B000446D90 /* SceneDelegate.swift in Sources */ = {isa = PBXBuildFile; fileRef = 04125C7D276875B000446D90 /* SceneDelegate.swift */; };
		04125C80276875B000446D90 /* ViewController.swift in Sources */ = {isa = PBXBuildFile; fileRef = 04125C7F276875B000446D90 /* ViewController.swift */; };
		04125C83276875B000446D90 /* Main.storyboard in Resources */ = {isa = PBXBuildFile; fileRef = 04125C81276875B000446D90 /* Main.storyboard */; };
		04125C85276875B200446D90 /* Assets.xcassets in Resources */ = {isa = PBXBuildFile; fileRef = 04125C84276875B200446D90 /* Assets.xcassets */; };
		04125C88276875B200446D90 /* LaunchScreen.storyboard in Resources */ = {isa = PBXBuildFile; fileRef = 04125C86276875B200446D90 /* LaunchScreen.storyboard */; };
		04125C9D276891B800446D90 /* CountingModeViewController.swift in Sources */ = {isa = PBXBuildFile; fileRef = 04125C9C276891B800446D90 /* CountingModeViewController.swift */; };
		04125C9F2768920500446D90 /* TimerModeViewController.swift in Sources */ = {isa = PBXBuildFile; fileRef = 04125C9E2768920500446D90 /* TimerModeViewController.swift */; };
		042F6A7A276CA492002716DC /* Finish_alarm.wav in Resources */ = {isa = PBXBuildFile; fileRef = 042F6A79276CA492002716DC /* Finish_alarm.wav */; };
		049147162769BFC1009EA477 /* C.wav in Resources */ = {isa = PBXBuildFile; fileRef = 049147152769BFC1009EA477 /* C.wav */; };
		049147182769BFD5009EA477 /* alarm_sound.mp3 in Resources */ = {isa = PBXBuildFile; fileRef = 049147172769BFD5009EA477 /* alarm_sound.mp3 */; };
		04C482D52774672300FC826A /* Localizable.strings in Resources */ = {isa = PBXBuildFile; fileRef = 04C482D72774672300FC826A /* Localizable.strings */; };
		04DFB9372782E5940030B72B /* CountingMode.swift in Sources */ = {isa = PBXBuildFile; fileRef = 04DFB9362782E5940030B72B /* CountingMode.swift */; };
		04DFB9392782E6DF0030B72B /* CountingModeBrain.swift in Sources */ = {isa = PBXBuildFile; fileRef = 04DFB9382782E6DF0030B72B /* CountingModeBrain.swift */; };
		04DFB93B2782EB040030B72B /* TimerMode.swift in Sources */ = {isa = PBXBuildFile; fileRef = 04DFB93A2782EB040030B72B /* TimerMode.swift */; };
		04DFB93D2782EB120030B72B /* TimerModeBrain.swift in Sources */ = {isa = PBXBuildFile; fileRef = 04DFB93C2782EB120030B72B /* TimerModeBrain.swift */; };
/* End PBXBuildFile section */

/* Begin PBXFileReference section */
		04125C78276875B000446D90 /* The Gym Hero.app */ = {isa = PBXFileReference; explicitFileType = wrapper.application; includeInIndex = 0; path = "The Gym Hero.app"; sourceTree = BUILT_PRODUCTS_DIR; };
		04125C7B276875B000446D90 /* AppDelegate.swift */ = {isa = PBXFileReference; lastKnownFileType = sourcecode.swift; path = AppDelegate.swift; sourceTree = "<group>"; };
		04125C7D276875B000446D90 /* SceneDelegate.swift */ = {isa = PBXFileReference; lastKnownFileType = sourcecode.swift; path = SceneDelegate.swift; sourceTree = "<group>"; };
		04125C7F276875B000446D90 /* ViewController.swift */ = {isa = PBXFileReference; lastKnownFileType = sourcecode.swift; path = ViewController.swift; sourceTree = "<group>"; };
		04125C82276875B000446D90 /* Base */ = {isa = PBXFileReference; lastKnownFileType = file.storyboard; name = Base; path = Base.lproj/Main.storyboard; sourceTree = "<group>"; };
		04125C84276875B200446D90 /* Assets.xcassets */ = {isa = PBXFileReference; lastKnownFileType = folder.assetcatalog; path = Assets.xcassets; sourceTree = "<group>"; };
		04125C87276875B200446D90 /* Base */ = {isa = PBXFileReference; lastKnownFileType = file.storyboard; name = Base; path = Base.lproj/LaunchScreen.storyboard; sourceTree = "<group>"; };
		04125C9C276891B800446D90 /* CountingModeViewController.swift */ = {isa = PBXFileReference; lastKnownFileType = sourcecode.swift; path = CountingModeViewController.swift; sourceTree = "<group>"; };
		04125C9E2768920500446D90 /* TimerModeViewController.swift */ = {isa = PBXFileReference; lastKnownFileType = sourcecode.swift; path = TimerModeViewController.swift; sourceTree = "<group>"; };
		042F6A74276C95C9002716DC /* README.md */ = {isa = PBXFileReference; lastKnownFileType = net.daringfireball.markdown; path = README.md; sourceTree = "<group>"; };
		042F6A79276CA492002716DC /* Finish_alarm.wav */ = {isa = PBXFileReference; lastKnownFileType = audio.wav; path = Finish_alarm.wav; sourceTree = "<group>"; };
		04620C7B276B2E77007165D0 /* Info.plist */ = {isa = PBXFileReference; lastKnownFileType = text.plist.xml; path = Info.plist; sourceTree = "<group>"; };
		049147152769BFC1009EA477 /* C.wav */ = {isa = PBXFileReference; lastKnownFileType = audio.wav; path = C.wav; sourceTree = "<group>"; };
		049147172769BFD5009EA477 /* alarm_sound.mp3 */ = {isa = PBXFileReference; lastKnownFileType = audio.mp3; path = alarm_sound.mp3; sourceTree = "<group>"; };
		04C482D62774672300FC826A /* en */ = {isa = PBXFileReference; lastKnownFileType = text.plist.strings; name = en; path = en.lproj/Localizable.strings; sourceTree = "<group>"; };
		04C482D82774676500FC826A /* ko */ = {isa = PBXFileReference; lastKnownFileType = text.plist.strings; name = ko; path = ko.lproj/Localizable.strings; sourceTree = "<group>"; };
		04DFB9362782E5940030B72B /* CountingMode.swift */ = {isa = PBXFileReference; lastKnownFileType = sourcecode.swift; path = CountingMode.swift; sourceTree = "<group>"; };
		04DFB9382782E6DF0030B72B /* CountingModeBrain.swift */ = {isa = PBXFileReference; lastKnownFileType = sourcecode.swift; path = CountingModeBrain.swift; sourceTree = "<group>"; };
		04DFB93A2782EB040030B72B /* TimerMode.swift */ = {isa = PBXFileReference; lastKnownFileType = sourcecode.swift; path = TimerMode.swift; sourceTree = "<group>"; };
		04DFB93C2782EB120030B72B /* TimerModeBrain.swift */ = {isa = PBXFileReference; lastKnownFileType = sourcecode.swift; path = TimerModeBrain.swift; sourceTree = "<group>"; };
/* End PBXFileReference section */

/* Begin PBXFrameworksBuildPhase section */
		04125C75276875AF00446D90 /* Frameworks */ = {
			isa = PBXFrameworksBuildPhase;
			buildActionMask = 2147483647;
			files = (
			);
			runOnlyForDeploymentPostprocessing = 0;
		};
/* End PBXFrameworksBuildPhase section */

/* Begin PBXGroup section */
		04125C6F276875AF00446D90 = {
			isa = PBXGroup;
			children = (
				042F6A74276C95C9002716DC /* README.md */,
				04125C7A276875B000446D90 /* The Gym Hero */,
				04125C79276875B000446D90 /* Products */,
			);
			sourceTree = "<group>";
		};
		04125C79276875B000446D90 /* Products */ = {
			isa = PBXGroup;
			children = (
				04125C78276875B000446D90 /* The Gym Hero.app */,
			);
			name = Products;
			sourceTree = "<group>";
		};
		04125C7A276875B000446D90 /* The Gym Hero */ = {
			isa = PBXGroup;
			children = (
				04125C992768913900446D90 /* Model */,
				04125C982768913100446D90 /* Controller */,
				04125C972768912600446D90 /* View */,
				04125C7B276875B000446D90 /* AppDelegate.swift */,
				04125C7D276875B000446D90 /* SceneDelegate.swift */,
				04125C84276875B200446D90 /* Assets.xcassets */,
				04125C86276875B200446D90 /* LaunchScreen.storyboard */,
				049147152769BFC1009EA477 /* C.wav */,
				049147172769BFD5009EA477 /* alarm_sound.mp3 */,
				04620C7B276B2E77007165D0 /* Info.plist */,
				042F6A79276CA492002716DC /* Finish_alarm.wav */,
				04C482D72774672300FC826A /* Localizable.strings */,
			);
			path = "The Gym Hero";
			sourceTree = "<group>";
		};
		04125C972768912600446D90 /* View */ = {
			isa = PBXGroup;
			children = (
				04125C81276875B000446D90 /* Main.storyboard */,
			);
			path = View;
			sourceTree = "<group>";
		};
		04125C982768913100446D90 /* Controller */ = {
			isa = PBXGroup;
			children = (
				04125C9C276891B800446D90 /* CountingModeViewController.swift */,
				04125C9E2768920500446D90 /* TimerModeViewController.swift */,
				04125C7F276875B000446D90 /* ViewController.swift */,
			);
			path = Controller;
			sourceTree = "<group>";
		};
		04125C992768913900446D90 /* Model */ = {
			isa = PBXGroup;
			children = (
				04DFB9362782E5940030B72B /* CountingMode.swift */,
				04DFB9382782E6DF0030B72B /* CountingModeBrain.swift */,
				04DFB93A2782EB040030B72B /* TimerMode.swift */,
				04DFB93C2782EB120030B72B /* TimerModeBrain.swift */,
			);
			path = Model;
			sourceTree = "<group>";
		};
/* End PBXGroup section */

/* Begin PBXNativeTarget section */
		04125C77276875AF00446D90 /* The Gym Hero */ = {
			isa = PBXNativeTarget;
			buildConfigurationList = 04125C8C276875B200446D90 /* Build configuration list for PBXNativeTarget "The Gym Hero" */;
			buildPhases = (
				04125C74276875AF00446D90 /* Sources */,
				04125C75276875AF00446D90 /* Frameworks */,
				04125C76276875AF00446D90 /* Resources */,
			);
			buildRules = (
			);
			dependencies = (
			);
			name = "The Gym Hero";
			productName = "The Gym Hero";
			productReference = 04125C78276875B000446D90 /* The Gym Hero.app */;
			productType = "com.apple.product-type.application";
		};
/* End PBXNativeTarget section */

/* Begin PBXProject section */
		04125C70276875AF00446D90 /* Project object */ = {
			isa = PBXProject;
			attributes = {
				BuildIndependentTargetsInParallel = 1;
				LastSwiftUpdateCheck = 1310;
				LastUpgradeCheck = 1310;
				TargetAttributes = {
					04125C77276875AF00446D90 = {
						CreatedOnToolsVersion = 13.1;
					};
				};
			};
			buildConfigurationList = 04125C73276875AF00446D90 /* Build configuration list for PBXProject "The Gym Hero" */;
			compatibilityVersion = "Xcode 13.0";
			developmentRegion = en;
			hasScannedForEncodings = 0;
			knownRegions = (
				en,
				Base,
				ko,
			);
			mainGroup = 04125C6F276875AF00446D90;
			productRefGroup = 04125C79276875B000446D90 /* Products */;
			projectDirPath = "";
			projectRoot = "";
			targets = (
				04125C77276875AF00446D90 /* The Gym Hero */,
			);
		};
/* End PBXProject section */

/* Begin PBXResourcesBuildPhase section */
		04125C76276875AF00446D90 /* Resources */ = {
			isa = PBXResourcesBuildPhase;
			buildActionMask = 2147483647;
			files = (
				049147162769BFC1009EA477 /* C.wav in Resources */,
				049147182769BFD5009EA477 /* alarm_sound.mp3 in Resources */,
				04125C88276875B200446D90 /* LaunchScreen.storyboard in Resources */,
				04C482D52774672300FC826A /* Localizable.strings in Resources */,
				04125C85276875B200446D90 /* Assets.xcassets in Resources */,
				04125C83276875B000446D90 /* Main.storyboard in Resources */,
				042F6A7A276CA492002716DC /* Finish_alarm.wav in Resources */,
			);
			runOnlyForDeploymentPostprocessing = 0;
		};
/* End PBXResourcesBuildPhase section */

/* Begin PBXSourcesBuildPhase section */
		04125C74276875AF00446D90 /* Sources */ = {
			isa = PBXSourcesBuildPhase;
			buildActionMask = 2147483647;
			files = (
				04125C80276875B000446D90 /* ViewController.swift in Sources */,
				04DFB9372782E5940030B72B /* CountingMode.swift in Sources */,
				04DFB93B2782EB040030B72B /* TimerMode.swift in Sources */,
				04DFB93D2782EB120030B72B /* TimerModeBrain.swift in Sources */,
				04DFB9392782E6DF0030B72B /* CountingModeBrain.swift in Sources */,
				04125C9F2768920500446D90 /* TimerModeViewController.swift in Sources */,
				04125C7C276875B000446D90 /* AppDelegate.swift in Sources */,
				04125C9D276891B800446D90 /* CountingModeViewController.swift in Sources */,
				04125C7E276875B000446D90 /* SceneDelegate.swift in Sources */,
			);
			runOnlyForDeploymentPostprocessing = 0;
		};
/* End PBXSourcesBuildPhase section */

/* Begin PBXVariantGroup section */
		04125C81276875B000446D90 /* Main.storyboard */ = {
			isa = PBXVariantGroup;
			children = (
				04125C82276875B000446D90 /* Base */,
			);
			name = Main.storyboard;
			sourceTree = "<group>";
		};
		04125C86276875B200446D90 /* LaunchScreen.storyboard */ = {
			isa = PBXVariantGroup;
			children = (
				04125C87276875B200446D90 /* Base */,
			);
			name = LaunchScreen.storyboard;
			sourceTree = "<group>";
		};
		04C482D72774672300FC826A /* Localizable.strings */ = {
			isa = PBXVariantGroup;
			children = (
				04C482D62774672300FC826A /* en */,
				04C482D82774676500FC826A /* ko */,
			);
			name = Localizable.strings;
			sourceTree = "<group>";
		};
/* End PBXVariantGroup section */

/* Begin XCBuildConfiguration section */
		04125C8A276875B200446D90 /* Debug */ = {
			isa = XCBuildConfiguration;
			buildSettings = {
				ALWAYS_SEARCH_USER_PATHS = NO;
				CLANG_ANALYZER_LOCALIZABILITY_NONLOCALIZED = YES;
				CLANG_ANALYZER_NONNULL = YES;
				CLANG_ANALYZER_NUMBER_OBJECT_CONVERSION = YES_AGGRESSIVE;
				CLANG_CXX_LANGUAGE_STANDARD = "gnu++17";
				CLANG_CXX_LIBRARY = "libc++";
				CLANG_ENABLE_MODULES = YES;
				CLANG_ENABLE_OBJC_ARC = YES;
				CLANG_ENABLE_OBJC_WEAK = YES;
				CLANG_WARN_BLOCK_CAPTURE_AUTORELEASING = YES;
				CLANG_WARN_BOOL_CONVERSION = YES;
				CLANG_WARN_COMMA = YES;
				CLANG_WARN_CONSTANT_CONVERSION = YES;
				CLANG_WARN_DEPRECATED_OBJC_IMPLEMENTATIONS = YES;
				CLANG_WARN_DIRECT_OBJC_ISA_USAGE = YES_ERROR;
				CLANG_WARN_DOCUMENTATION_COMMENTS = YES;
				CLANG_WARN_EMPTY_BODY = YES;
				CLANG_WARN_ENUM_CONVERSION = YES;
				CLANG_WARN_INFINITE_RECURSION = YES;
				CLANG_WARN_INT_CONVERSION = YES;
				CLANG_WARN_NON_LITERAL_NULL_CONVERSION = YES;
				CLANG_WARN_OBJC_IMPLICIT_RETAIN_SELF = YES;
				CLANG_WARN_OBJC_LITERAL_CONVERSION = YES;
				CLANG_WARN_OBJC_ROOT_CLASS = YES_ERROR;
				CLANG_WARN_QUOTED_INCLUDE_IN_FRAMEWORK_HEADER = YES;
				CLANG_WARN_RANGE_LOOP_ANALYSIS = YES;
				CLANG_WARN_STRICT_PROTOTYPES = YES;
				CLANG_WARN_SUSPICIOUS_MOVE = YES;
				CLANG_WARN_UNGUARDED_AVAILABILITY = YES_AGGRESSIVE;
				CLANG_WARN_UNREACHABLE_CODE = YES;
				CLANG_WARN__DUPLICATE_METHOD_MATCH = YES;
				COPY_PHASE_STRIP = NO;
				DEBUG_INFORMATION_FORMAT = dwarf;
				ENABLE_STRICT_OBJC_MSGSEND = YES;
				ENABLE_TESTABILITY = YES;
				GCC_C_LANGUAGE_STANDARD = gnu11;
				GCC_DYNAMIC_NO_PIC = NO;
				GCC_NO_COMMON_BLOCKS = YES;
				GCC_OPTIMIZATION_LEVEL = 0;
				GCC_PREPROCESSOR_DEFINITIONS = (
					"DEBUG=1",
					"$(inherited)",
				);
				GCC_WARN_64_TO_32_BIT_CONVERSION = YES;
				GCC_WARN_ABOUT_RETURN_TYPE = YES_ERROR;
				GCC_WARN_UNDECLARED_SELECTOR = YES;
				GCC_WARN_UNINITIALIZED_AUTOS = YES_AGGRESSIVE;
				GCC_WARN_UNUSED_FUNCTION = YES;
				GCC_WARN_UNUSED_VARIABLE = YES;
				IPHONEOS_DEPLOYMENT_TARGET = 15.0;
				MTL_ENABLE_DEBUG_INFO = INCLUDE_SOURCE;
				MTL_FAST_MATH = YES;
				ONLY_ACTIVE_ARCH = YES;
				SDKROOT = iphoneos;
				SWIFT_ACTIVE_COMPILATION_CONDITIONS = DEBUG;
				SWIFT_OPTIMIZATION_LEVEL = "-Onone";
			};
			name = Debug;
		};
		04125C8B276875B200446D90 /* Release */ = {
			isa = XCBuildConfiguration;
			buildSettings = {
				ALWAYS_SEARCH_USER_PATHS = NO;
				CLANG_ANALYZER_LOCALIZABILITY_NONLOCALIZED = YES;
				CLANG_ANALYZER_NONNULL = YES;
				CLANG_ANALYZER_NUMBER_OBJECT_CONVERSION = YES_AGGRESSIVE;
				CLANG_CXX_LANGUAGE_STANDARD = "gnu++17";
				CLANG_CXX_LIBRARY = "libc++";
				CLANG_ENABLE_MODULES = YES;
				CLANG_ENABLE_OBJC_ARC = YES;
				CLANG_ENABLE_OBJC_WEAK = YES;
				CLANG_WARN_BLOCK_CAPTURE_AUTORELEASING = YES;
				CLANG_WARN_BOOL_CONVERSION = YES;
				CLANG_WARN_COMMA = YES;
				CLANG_WARN_CONSTANT_CONVERSION = YES;
				CLANG_WARN_DEPRECATED_OBJC_IMPLEMENTATIONS = YES;
				CLANG_WARN_DIRECT_OBJC_ISA_USAGE = YES_ERROR;
				CLANG_WARN_DOCUMENTATION_COMMENTS = YES;
				CLANG_WARN_EMPTY_BODY = YES;
				CLANG_WARN_ENUM_CONVERSION = YES;
				CLANG_WARN_INFINITE_RECURSION = YES;
				CLANG_WARN_INT_CONVERSION = YES;
				CLANG_WARN_NON_LITERAL_NULL_CONVERSION = YES;
				CLANG_WARN_OBJC_IMPLICIT_RETAIN_SELF = YES;
				CLANG_WARN_OBJC_LITERAL_CONVERSION = YES;
				CLANG_WARN_OBJC_ROOT_CLASS = YES_ERROR;
				CLANG_WARN_QUOTED_INCLUDE_IN_FRAMEWORK_HEADER = YES;
				CLANG_WARN_RANGE_LOOP_ANALYSIS = YES;
				CLANG_WARN_STRICT_PROTOTYPES = YES;
				CLANG_WARN_SUSPICIOUS_MOVE = YES;
				CLANG_WARN_UNGUARDED_AVAILABILITY = YES_AGGRESSIVE;
				CLANG_WARN_UNREACHABLE_CODE = YES;
				CLANG_WARN__DUPLICATE_METHOD_MATCH = YES;
				COPY_PHASE_STRIP = NO;
				DEBUG_INFORMATION_FORMAT = "dwarf-with-dsym";
				ENABLE_NS_ASSERTIONS = NO;
				ENABLE_STRICT_OBJC_MSGSEND = YES;
				GCC_C_LANGUAGE_STANDARD = gnu11;
				GCC_NO_COMMON_BLOCKS = YES;
				GCC_WARN_64_TO_32_BIT_CONVERSION = YES;
				GCC_WARN_ABOUT_RETURN_TYPE = YES_ERROR;
				GCC_WARN_UNDECLARED_SELECTOR = YES;
				GCC_WARN_UNINITIALIZED_AUTOS = YES_AGGRESSIVE;
				GCC_WARN_UNUSED_FUNCTION = YES;
				GCC_WARN_UNUSED_VARIABLE = YES;
				IPHONEOS_DEPLOYMENT_TARGET = 15.0;
				MTL_ENABLE_DEBUG_INFO = NO;
				MTL_FAST_MATH = YES;
				SDKROOT = iphoneos;
				SWIFT_COMPILATION_MODE = wholemodule;
				SWIFT_OPTIMIZATION_LEVEL = "-O";
				VALIDATE_PRODUCT = YES;
			};
			name = Release;
		};
		04125C8D276875B200446D90 /* Debug */ = {
			isa = XCBuildConfiguration;
			buildSettings = {
				ASSETCATALOG_COMPILER_APPICON_NAME = AppIcon;
				ASSETCATALOG_COMPILER_GLOBAL_ACCENT_COLOR_NAME = AccentColor;
				CODE_SIGN_STYLE = Automatic;
				CURRENT_PROJECT_VERSION = 1;
				DEVELOPMENT_TEAM = UM655SCS28;
				GENERATE_INFOPLIST_FILE = YES;
				INFOPLIST_FILE = "The Gym Hero/Info.plist";
				INFOPLIST_KEY_UIApplicationSupportsIndirectInputEvents = YES;
				INFOPLIST_KEY_UILaunchStoryboardName = LaunchScreen;
				INFOPLIST_KEY_UIMainStoryboardFile = Main;
				INFOPLIST_KEY_UISupportedInterfaceOrientations_iPad = "UIInterfaceOrientationPortrait UIInterfaceOrientationPortraitUpsideDown UIInterfaceOrientationLandscapeLeft UIInterfaceOrientationLandscapeRight";
				INFOPLIST_KEY_UISupportedInterfaceOrientations_iPhone = "UIInterfaceOrientationPortrait UIInterfaceOrientationLandscapeLeft UIInterfaceOrientationLandscapeRight";
				LD_RUNPATH_SEARCH_PATHS = (
					"$(inherited)",
					"@executable_path/Frameworks",
				);
				MARKETING_VERSION = 1.0;
				PRODUCT_BUNDLE_IDENTIFIER = "com.hoonsbrand.The-Gym-Hero";
				PRODUCT_NAME = "$(TARGET_NAME)";
				SWIFT_EMIT_LOC_STRINGS = YES;
				SWIFT_VERSION = 5.0;
				TARGETED_DEVICE_FAMILY = "1,2";
			};
			name = Debug;
		};
		04125C8E276875B200446D90 /* Release */ = {
			isa = XCBuildConfiguration;
			buildSettings = {
				ASSETCATALOG_COMPILER_APPICON_NAME = AppIcon;
				ASSETCATALOG_COMPILER_GLOBAL_ACCENT_COLOR_NAME = AccentColor;
				CODE_SIGN_STYLE = Automatic;
				CURRENT_PROJECT_VERSION = 1;
				DEVELOPMENT_TEAM = UM655SCS28;
				GENERATE_INFOPLIST_FILE = YES;
				INFOPLIST_FILE = "The Gym Hero/Info.plist";
				INFOPLIST_KEY_UIApplicationSupportsIndirectInputEvents = YES;
				INFOPLIST_KEY_UILaunchStoryboardName = LaunchScreen;
				INFOPLIST_KEY_UIMainStoryboardFile = Main;
				INFOPLIST_KEY_UISupportedInterfaceOrientations_iPad = "UIInterfaceOrientationPortrait UIInterfaceOrientationPortraitUpsideDown UIInterfaceOrientationLandscapeLeft UIInterfaceOrientationLandscapeRight";
				INFOPLIST_KEY_UISupportedInterfaceOrientations_iPhone = "UIInterfaceOrientationPortrait UIInterfaceOrientationLandscapeLeft UIInterfaceOrientationLandscapeRight";
				LD_RUNPATH_SEARCH_PATHS = (
					"$(inherited)",
					"@executable_path/Frameworks",
				);
				MARKETING_VERSION = 1.0;
				PRODUCT_BUNDLE_IDENTIFIER = "com.hoonsbrand.The-Gym-Hero";
				PRODUCT_NAME = "$(TARGET_NAME)";
				SWIFT_EMIT_LOC_STRINGS = YES;
				SWIFT_VERSION = 5.0;
				TARGETED_DEVICE_FAMILY = "1,2";
			};
			name = Release;
		};
/* End XCBuildConfiguration section */

/* Begin XCConfigurationList section */
		04125C73276875AF00446D90 /* Build configuration list for PBXProject "The Gym Hero" */ = {
			isa = XCConfigurationList;
			buildConfigurations = (
				04125C8A276875B200446D90 /* Debug */,
				04125C8B276875B200446D90 /* Release */,
			);
			defaultConfigurationIsVisible = 0;
			defaultConfigurationName = Release;
		};
		04125C8C276875B200446D90 /* Build configuration list for PBXNativeTarget "The Gym Hero" */ = {
			isa = XCConfigurationList;
			buildConfigurations = (
				04125C8D276875B200446D90 /* Debug */,
				04125C8E276875B200446D90 /* Release */,
			);
			defaultConfigurationIsVisible = 0;
			defaultConfigurationName = Release;
		};
/* End XCConfigurationList section */
	};
	rootObject = 04125C70276875AF00446D90 /* Project object */;
}
